// !$*UTF8*$!
{
	archiveVersion = 1;
	classes = {
	};
	objectVersion = 46;
	objects = {

/* Begin PBXBuildFile section */
		5F4C4F1512BE210600AF7D8C /* FBReelNavigator(DragDrop).m in Sources */ = {isa = PBXBuildFile; fileRef = 5F4C4F1412BE210600AF7D8C /* FBReelNavigator(DragDrop).m */; };
		5F5234AD12987CF80007FCDB /* QuickTime.framework in Frameworks */ = {isa = PBXBuildFile; fileRef = 5F5234AC12987CF80007FCDB /* QuickTime.framework */; };
		5F535FBA12B40A1E0079198C /* Localizable.strings in Resources */ = {isa = PBXBuildFile; fileRef = 5F535FB812B40A1E0079198C /* Localizable.strings */; };
		5F535FF012B40F8D0079198C /* FBLocalizationKeys.m in Sources */ = {isa = PBXBuildFile; fileRef = 5F535FEF12B40F8D0079198C /* FBLocalizationKeys.m */; };
		5F53608812B4279A0079198C /* NSValue(FBAdditions).m in Sources */ = {isa = PBXBuildFile; fileRef = 5F53608712B4279A0079198C /* NSValue(FBAdditions).m */; };
		5F57CDDA12A16A5500C94DF7 /* FBMovieSettingsController.m in Sources */ = {isa = PBXBuildFile; fileRef = 5F57CDD912A16A5500C94DF7 /* FBMovieSettingsController.m */; };
		5F57CE5612A1A0B900C94DF7 /* NSDictionary(FBAdditions).m in Sources */ = {isa = PBXBuildFile; fileRef = 5F57CE5512A1A0B900C94DF7 /* NSDictionary(FBAdditions).m */; };
		5F6951C212D91F7000A53C8F /* FrameByFrame.icns in Resources */ = {isa = PBXBuildFile; fileRef = 5F6951C112D91F7000A53C8F /* FrameByFrame.icns */; };
		5F6A5B5C12987DF000BA6CD6 /* QTKit.framework in Frameworks */ = {isa = PBXBuildFile; fileRef = 5F6A5B5B12987DF000BA6CD6 /* QTKit.framework */; };
		5F6A5B5F12987DF800BA6CD6 /* Quartz.framework in Frameworks */ = {isa = PBXBuildFile; fileRef = 5F6A5B5D12987DF800BA6CD6 /* Quartz.framework */; };
		5F6A5B6012987DF800BA6CD6 /* QuartzCore.framework in Frameworks */ = {isa = PBXBuildFile; fileRef = 5F6A5B5E12987DF800BA6CD6 /* QuartzCore.framework */; };
		5F6D770E12A12C1B007CEA3D /* FBQuickTimeExporter.m in Sources */ = {isa = PBXBuildFile; fileRef = 5F6D770D12A12C1B007CEA3D /* FBQuickTimeExporter.m */; };
		5F90267712CE3A140055B78D /* InitialUserDefaults.plist in Resources */ = {isa = PBXBuildFile; fileRef = 5F90267612CE3A140055B78D /* InitialUserDefaults.plist */; };
		5F9641A9127A12D3009E6FC1 /* Cocoa.framework in Frameworks */ = {isa = PBXBuildFile; fileRef = 5F9641A8127A12D3009E6FC1 /* Cocoa.framework */; };
		5F9641AE127A12D3009E6FC1 /* InfoPlist.strings in Resources */ = {isa = PBXBuildFile; fileRef = 5F9641AC127A12D3009E6FC1 /* InfoPlist.strings */; };
		5F9641B0127A12D3009E6FC1 /* main.m in Sources */ = {isa = PBXBuildFile; fileRef = 5F9641AF127A12D3009E6FC1 /* main.m */; };
		5F9641B3127A12D3009E6FC1 /* MainMenu.xib in Resources */ = {isa = PBXBuildFile; fileRef = 5F9641B1127A12D3009E6FC1 /* MainMenu.xib */; };
		5F9641B6127A12D4009E6FC1 /* Credits.rtf in Resources */ = {isa = PBXBuildFile; fileRef = 5F9641B4127A12D4009E6FC1 /* Credits.rtf */; };
		5F9641B9127A12D4009E6FC1 /* FBDocument.m in Sources */ = {isa = PBXBuildFile; fileRef = 5F9641B8127A12D4009E6FC1 /* FBDocument.m */; };
		5F9641BC127A12D4009E6FC1 /* FBDocument.xib in Resources */ = {isa = PBXBuildFile; fileRef = 5F9641BA127A12D4009E6FC1 /* FBDocument.xib */; };
		5F9641C9127A138A009E6FC1 /* FBApplicationDelegate.m in Sources */ = {isa = PBXBuildFile; fileRef = 5F9641C8127A138A009E6FC1 /* FBApplicationDelegate.m */; };
		5FA58027127C25BD003C2B32 /* FBReel.m in Sources */ = {isa = PBXBuildFile; fileRef = 5FA58026127C25BD003C2B32 /* FBReel.m */; };
		5FA58033127C5DB4003C2B32 /* FBCell.m in Sources */ = {isa = PBXBuildFile; fileRef = 5FA58032127C5DB4003C2B32 /* FBCell.m */; };
		5FA85DE01291C85600384AF5 /* FBFilterPipeline.m in Sources */ = {isa = PBXBuildFile; fileRef = 5FA85DDF1291C85600384AF5 /* FBFilterPipeline.m */; };
		5FABC131128572BA0084B0A1 /* FBReelNavigator.m in Sources */ = {isa = PBXBuildFile; fileRef = 5FABC130128572BA0084B0A1 /* FBReelNavigator.m */; };
		5FBB814612D0996C0020C02D /* FBCrashRecoveryController.m in Sources */ = {isa = PBXBuildFile; fileRef = 5FBB814512D0996C0020C02D /* FBCrashRecoveryController.m */; };
		5FC117BA12CFC5020046D313 /* FBMiscConstants.m in Sources */ = {isa = PBXBuildFile; fileRef = 5FC117B912CFC5020046D313 /* FBMiscConstants.m */; };
		5FC18E2712E1D5E00096E8CE /* Document.icns in Resources */ = {isa = PBXBuildFile; fileRef = 5FC18E2612E1D5E00096E8CE /* Document.icns */; };
		5FCA061F12D8D6F600241581 /* Button-Empty.png in Resources */ = {isa = PBXBuildFile; fileRef = 5FCA061E12D8D6F600241581 /* Button-Empty.png */; };
		5FCA063012D8DD8900241581 /* Button-Capture.png in Resources */ = {isa = PBXBuildFile; fileRef = 5FCA062F12D8DD8900241581 /* Button-Capture.png */; };
		5FCA064012D8DEA500241581 /* Button-Capture-Pressed.png in Resources */ = {isa = PBXBuildFile; fileRef = 5FCA063F12D8DEA500241581 /* Button-Capture-Pressed.png */; };
		5FCA064C12D8E1EF00241581 /* Button-Cut.png in Resources */ = {isa = PBXBuildFile; fileRef = 5FCA064B12D8E1EF00241581 /* Button-Cut.png */; };
		5FCA066A12D8F3DA00241581 /* Button-Play.png in Resources */ = {isa = PBXBuildFile; fileRef = 5FCA066912D8F3DA00241581 /* Button-Play.png */; };
		5FCECB321297F2DA008D2CCD /* QTMovieExtensions.m in Sources */ = {isa = PBXBuildFile; fileRef = 5FCECB301297F2DA008D2CCD /* QTMovieExtensions.m */; };
		5FD0B71212BABF0800B08F63 /* FBKeyboardConstants.m in Sources */ = {isa = PBXBuildFile; fileRef = 5FD0B71112BABF0800B08F63 /* FBKeyboardConstants.m */; };
		5FDAD28B129DB0FC00B59574 /* FBProgressSheetController.m in Sources */ = {isa = PBXBuildFile; fileRef = 5FDAD28A129DB0FC00B59574 /* FBProgressSheetController.m */; };
		5FF2600912CDF98A00AF889C /* FBAttributeNames.m in Sources */ = {isa = PBXBuildFile; fileRef = 5FF2600812CDF98A00AF889C /* FBAttributeNames.m */; };
		5FF34FF612D7AFA100E0A744 /* Icon-Onion-Off.png in Resources */ = {isa = PBXBuildFile; fileRef = 5FF34FF412D7AFA100E0A744 /* Icon-Onion-Off.png */; };
		5FF34FF712D7AFA100E0A744 /* Icon-Onion-On.png in Resources */ = {isa = PBXBuildFile; fileRef = 5FF34FF512D7AFA100E0A744 /* Icon-Onion-On.png */; };
/* End PBXBuildFile section */

/* Begin PBXFileReference section */
		5F4C4F1312BE210600AF7D8C /* FBReelNavigator(DragDrop).h */ = {isa = PBXFileReference; fileEncoding = 4; lastKnownFileType = sourcecode.c.h; path = "FBReelNavigator(DragDrop).h"; sourceTree = "<group>"; };
		5F4C4F1412BE210600AF7D8C /* FBReelNavigator(DragDrop).m */ = {isa = PBXFileReference; fileEncoding = 4; lastKnownFileType = sourcecode.c.objc; path = "FBReelNavigator(DragDrop).m"; sourceTree = "<group>"; };
		5F4C516512BE931700AF7D8C /* FBDragDropBuddy.h */ = {isa = PBXFileReference; fileEncoding = 4; lastKnownFileType = sourcecode.c.h; path = FBDragDropBuddy.h; sourceTree = "<group>"; };
		5F5234AC12987CF80007FCDB /* QuickTime.framework */ = {isa = PBXFileReference; lastKnownFileType = wrapper.framework; name = QuickTime.framework; path = System/Library/Frameworks/QuickTime.framework; sourceTree = SDKROOT; };
		5F535FCD12B40C9D0079198C /* en */ = {isa = PBXFileReference; lastKnownFileType = text.plist.strings; name = en; path = en.lproj/Localizable.strings; sourceTree = "<group>"; };
		5F535FEE12B40F8D0079198C /* FBLocalizationKeys.h */ = {isa = PBXFileReference; fileEncoding = 4; lastKnownFileType = sourcecode.c.h; name = FBLocalizationKeys.h; path = Sources/FBLocalizationKeys.h; sourceTree = "<group>"; };
		5F535FEF12B40F8D0079198C /* FBLocalizationKeys.m */ = {isa = PBXFileReference; fileEncoding = 4; lastKnownFileType = sourcecode.c.objc; name = FBLocalizationKeys.m; path = Sources/FBLocalizationKeys.m; sourceTree = "<group>"; };
		5F53608612B4279A0079198C /* NSValue(FBAdditions).h */ = {isa = PBXFileReference; fileEncoding = 4; lastKnownFileType = sourcecode.c.h; path = "NSValue(FBAdditions).h"; sourceTree = "<group>"; };
		5F53608712B4279A0079198C /* NSValue(FBAdditions).m */ = {isa = PBXFileReference; fileEncoding = 4; lastKnownFileType = sourcecode.c.objc; path = "NSValue(FBAdditions).m"; sourceTree = "<group>"; };
		5F57CDD812A16A5500C94DF7 /* FBMovieSettingsController.h */ = {isa = PBXFileReference; fileEncoding = 4; lastKnownFileType = sourcecode.c.h; path = FBMovieSettingsController.h; sourceTree = "<group>"; };
		5F57CDD912A16A5500C94DF7 /* FBMovieSettingsController.m */ = {isa = PBXFileReference; fileEncoding = 4; lastKnownFileType = sourcecode.c.objc; path = FBMovieSettingsController.m; sourceTree = "<group>"; };
		5F57CE5412A1A0B900C94DF7 /* NSDictionary(FBAdditions).h */ = {isa = PBXFileReference; fileEncoding = 4; lastKnownFileType = sourcecode.c.h; path = "NSDictionary(FBAdditions).h"; sourceTree = "<group>"; };
		5F57CE5512A1A0B900C94DF7 /* NSDictionary(FBAdditions).m */ = {isa = PBXFileReference; fileEncoding = 4; lastKnownFileType = sourcecode.c.objc; path = "NSDictionary(FBAdditions).m"; sourceTree = "<group>"; };
		5F57CE7C12A1A5AC00C94DF7 /* FBMovieSettingsControllerDelegate.h */ = {isa = PBXFileReference; fileEncoding = 4; lastKnownFileType = sourcecode.c.h; path = FBMovieSettingsControllerDelegate.h; sourceTree = "<group>"; };
		5F6951C112D91F7000A53C8F /* FrameByFrame.icns */ = {isa = PBXFileReference; lastKnownFileType = image.icns; path = FrameByFrame.icns; sourceTree = "<group>"; };
		5F6A5B5B12987DF000BA6CD6 /* QTKit.framework */ = {isa = PBXFileReference; lastKnownFileType = wrapper.framework; name = QTKit.framework; path = Xcode4/SDKs/MacOSX10.6.sdk/System/Library/Frameworks/QTKit.framework; sourceTree = SDKROOT; };
		5F6A5B5D12987DF800BA6CD6 /* Quartz.framework */ = {isa = PBXFileReference; lastKnownFileType = wrapper.framework; name = Quartz.framework; path = Xcode4/SDKs/MacOSX10.6.sdk/System/Library/Frameworks/Quartz.framework; sourceTree = SDKROOT; };
		5F6A5B5E12987DF800BA6CD6 /* QuartzCore.framework */ = {isa = PBXFileReference; lastKnownFileType = wrapper.framework; name = QuartzCore.framework; path = Xcode4/SDKs/MacOSX10.6.sdk/System/Library/Frameworks/QuartzCore.framework; sourceTree = SDKROOT; };
		5F6D770C12A12C1B007CEA3D /* FBQuickTimeExporter.h */ = {isa = PBXFileReference; fileEncoding = 4; lastKnownFileType = sourcecode.c.h; path = FBQuickTimeExporter.h; sourceTree = "<group>"; };
		5F6D770D12A12C1B007CEA3D /* FBQuickTimeExporter.m */ = {isa = PBXFileReference; fileEncoding = 4; lastKnownFileType = sourcecode.c.objc; path = FBQuickTimeExporter.m; sourceTree = "<group>"; };
		5F90267612CE3A140055B78D /* InitialUserDefaults.plist */ = {isa = PBXFileReference; fileEncoding = 4; lastKnownFileType = text.plist.xml; path = InitialUserDefaults.plist; sourceTree = "<group>"; };
		5F9641A5127A12D3009E6FC1 /* FrameByFrame.app */ = {isa = PBXFileReference; explicitFileType = wrapper.application; includeInIndex = 0; path = FrameByFrame.app; sourceTree = BUILT_PRODUCTS_DIR; };
		5F9641A8127A12D3009E6FC1 /* Cocoa.framework */ = {isa = PBXFileReference; lastKnownFileType = wrapper.framework; name = Cocoa.framework; path = System/Library/Frameworks/Cocoa.framework; sourceTree = SDKROOT; };
		5F9641AA127A12D3009E6FC1 /* FrameByFrame-Info.plist */ = {isa = PBXFileReference; lastKnownFileType = text.plist.xml; path = "FrameByFrame-Info.plist"; sourceTree = "<group>"; };
		5F9641AB127A12D3009E6FC1 /* FrameByFrame_Prefix.pch */ = {isa = PBXFileReference; lastKnownFileType = sourcecode.c.h; path = FrameByFrame_Prefix.pch; sourceTree = "<group>"; };
		5F9641AD127A12D3009E6FC1 /* en */ = {isa = PBXFileReference; lastKnownFileType = text.plist.strings; name = en; path = en.lproj/InfoPlist.strings; sourceTree = "<group>"; };
		5F9641AF127A12D3009E6FC1 /* main.m */ = {isa = PBXFileReference; lastKnownFileType = sourcecode.c.objc; path = main.m; sourceTree = "<group>"; };
		5F9641B2127A12D3009E6FC1 /* en */ = {isa = PBXFileReference; lastKnownFileType = file.xib; name = en; path = en.lproj/MainMenu.xib; sourceTree = "<group>"; };
		5F9641B5127A12D4009E6FC1 /* en */ = {isa = PBXFileReference; lastKnownFileType = text.rtf; name = en; path = en.lproj/Credits.rtf; sourceTree = "<group>"; };
		5F9641B7127A12D4009E6FC1 /* FBDocument.h */ = {isa = PBXFileReference; lastKnownFileType = sourcecode.c.h; path = FBDocument.h; sourceTree = "<group>"; };
		5F9641B8127A12D4009E6FC1 /* FBDocument.m */ = {isa = PBXFileReference; lastKnownFileType = sourcecode.c.objc; path = FBDocument.m; sourceTree = "<group>"; };
		5F9641BB127A12D4009E6FC1 /* en */ = {isa = PBXFileReference; lastKnownFileType = file.xib; name = en; path = en.lproj/FBDocument.xib; sourceTree = "<group>"; };
		5F9641C7127A138A009E6FC1 /* FBApplicationDelegate.h */ = {isa = PBXFileReference; fileEncoding = 4; lastKnownFileType = sourcecode.c.h; path = FBApplicationDelegate.h; sourceTree = "<group>"; };
		5F9641C8127A138A009E6FC1 /* FBApplicationDelegate.m */ = {isa = PBXFileReference; fileEncoding = 4; lastKnownFileType = sourcecode.c.objc; path = FBApplicationDelegate.m; sourceTree = "<group>"; };
		5FA58025127C25BD003C2B32 /* FBReel.h */ = {isa = PBXFileReference; fileEncoding = 4; lastKnownFileType = sourcecode.c.h; path = FBReel.h; sourceTree = "<group>"; };
		5FA58026127C25BD003C2B32 /* FBReel.m */ = {isa = PBXFileReference; fileEncoding = 4; lastKnownFileType = sourcecode.c.objc; path = FBReel.m; sourceTree = "<group>"; };
		5FA58031127C5DB4003C2B32 /* FBCell.h */ = {isa = PBXFileReference; fileEncoding = 4; lastKnownFileType = sourcecode.c.h; path = FBCell.h; sourceTree = "<group>"; };
		5FA58032127C5DB4003C2B32 /* FBCell.m */ = {isa = PBXFileReference; fileEncoding = 4; lastKnownFileType = sourcecode.c.objc; path = FBCell.m; sourceTree = "<group>"; };
		5FA85DDE1291C85600384AF5 /* FBFilterPipeline.h */ = {isa = PBXFileReference; fileEncoding = 4; lastKnownFileType = sourcecode.c.h; path = FBFilterPipeline.h; sourceTree = "<group>"; };
		5FA85DDF1291C85600384AF5 /* FBFilterPipeline.m */ = {isa = PBXFileReference; fileEncoding = 4; lastKnownFileType = sourcecode.c.objc; path = FBFilterPipeline.m; sourceTree = "<group>"; };
		5FABC12F128572BA0084B0A1 /* FBReelNavigator.h */ = {isa = PBXFileReference; fileEncoding = 4; lastKnownFileType = sourcecode.c.h; path = FBReelNavigator.h; sourceTree = "<group>"; };
		5FABC130128572BA0084B0A1 /* FBReelNavigator.m */ = {isa = PBXFileReference; fileEncoding = 4; lastKnownFileType = sourcecode.c.objc; path = FBReelNavigator.m; sourceTree = "<group>"; };
		5FBB814412D0996C0020C02D /* FBCrashRecoveryController.h */ = {isa = PBXFileReference; fileEncoding = 4; lastKnownFileType = sourcecode.c.h; path = FBCrashRecoveryController.h; sourceTree = "<group>"; };
		5FBB814512D0996C0020C02D /* FBCrashRecoveryController.m */ = {isa = PBXFileReference; fileEncoding = 4; lastKnownFileType = sourcecode.c.objc; path = FBCrashRecoveryController.m; sourceTree = "<group>"; };
		5FC117B812CFC5020046D313 /* FBMiscConstants.h */ = {isa = PBXFileReference; fileEncoding = 4; lastKnownFileType = sourcecode.c.h; name = FBMiscConstants.h; path = Sources/FBMiscConstants.h; sourceTree = "<group>"; };
		5FC117B912CFC5020046D313 /* FBMiscConstants.m */ = {isa = PBXFileReference; fileEncoding = 4; lastKnownFileType = sourcecode.c.objc; name = FBMiscConstants.m; path = Sources/FBMiscConstants.m; sourceTree = "<group>"; };
		5FC18E2612E1D5E00096E8CE /* Document.icns */ = {isa = PBXFileReference; lastKnownFileType = image.icns; path = Document.icns; sourceTree = "<group>"; };
		5FCA061E12D8D6F600241581 /* Button-Empty.png */ = {isa = PBXFileReference; lastKnownFileType = image.png; path = "Button-Empty.png"; sourceTree = "<group>"; };
		5FCA062F12D8DD8900241581 /* Button-Capture.png */ = {isa = PBXFileReference; lastKnownFileType = image.png; path = "Button-Capture.png"; sourceTree = "<group>"; };
		5FCA063F12D8DEA500241581 /* Button-Capture-Pressed.png */ = {isa = PBXFileReference; lastKnownFileType = image.png; path = "Button-Capture-Pressed.png"; sourceTree = "<group>"; };
		5FCA064B12D8E1EF00241581 /* Button-Cut.png */ = {isa = PBXFileReference; lastKnownFileType = image.png; path = "Button-Cut.png"; sourceTree = "<group>"; };
		5FCA066912D8F3DA00241581 /* Button-Play.png */ = {isa = PBXFileReference; lastKnownFileType = image.png; path = "Button-Play.png"; sourceTree = "<group>"; };
		5FCECB2F1297F2DA008D2CCD /* QTMovieExtensions.h */ = {isa = PBXFileReference; fileEncoding = 4; lastKnownFileType = sourcecode.c.h; path = QTMovieExtensions.h; sourceTree = "<group>"; };
		5FCECB301297F2DA008D2CCD /* QTMovieExtensions.m */ = {isa = PBXFileReference; fileEncoding = 4; lastKnownFileType = sourcecode.c.objc; path = QTMovieExtensions.m; sourceTree = "<group>"; };
		5FCF2EBA12947A7100993D6D /* FBReelNavigatorDataSource.h */ = {isa = PBXFileReference; fileEncoding = 4; lastKnownFileType = sourcecode.c.h; path = FBReelNavigatorDataSource.h; sourceTree = "<group>"; };
		5FD0B71012BABF0800B08F63 /* FBKeyboardConstants.h */ = {isa = PBXFileReference; fileEncoding = 4; lastKnownFileType = sourcecode.c.h; name = FBKeyboardConstants.h; path = Sources/FBKeyboardConstants.h; sourceTree = "<group>"; };
		5FD0B71112BABF0800B08F63 /* FBKeyboardConstants.m */ = {isa = PBXFileReference; fileEncoding = 4; lastKnownFileType = sourcecode.c.objc; name = FBKeyboardConstants.m; path = Sources/FBKeyboardConstants.m; sourceTree = "<group>"; };
		5FDAD289129DB0FC00B59574 /* FBProgressSheetController.h */ = {isa = PBXFileReference; fileEncoding = 4; lastKnownFileType = sourcecode.c.h; path = FBProgressSheetController.h; sourceTree = "<group>"; };
		5FDAD28A129DB0FC00B59574 /* FBProgressSheetController.m */ = {isa = PBXFileReference; fileEncoding = 4; lastKnownFileType = sourcecode.c.objc; path = FBProgressSheetController.m; sourceTree = "<group>"; };
		5FE388F31285EB8000854266 /* FBReelNavigatorDelegate.h */ = {isa = PBXFileReference; fileEncoding = 4; lastKnownFileType = sourcecode.c.h; lineEnding = 0; path = FBReelNavigatorDelegate.h; sourceTree = "<group>"; xcLanguageSpecificationIdentifier = xcode.lang.objcpp; };
		5FF2600712CDF98A00AF889C /* FBAttributeNames.h */ = {isa = PBXFileReference; fileEncoding = 4; lastKnownFileType = sourcecode.c.h; name = FBAttributeNames.h; path = Sources/FBAttributeNames.h; sourceTree = "<group>"; };
		5FF2600812CDF98A00AF889C /* FBAttributeNames.m */ = {isa = PBXFileReference; fileEncoding = 4; lastKnownFileType = sourcecode.c.objc; name = FBAttributeNames.m; path = Sources/FBAttributeNames.m; sourceTree = "<group>"; };
		5FF34FF412D7AFA100E0A744 /* Icon-Onion-Off.png */ = {isa = PBXFileReference; lastKnownFileType = image.png; path = "Icon-Onion-Off.png"; sourceTree = "<group>"; };
		5FF34FF512D7AFA100E0A744 /* Icon-Onion-On.png */ = {isa = PBXFileReference; lastKnownFileType = image.png; path = "Icon-Onion-On.png"; sourceTree = "<group>"; };
/* End PBXFileReference section */

/* Begin PBXFrameworksBuildPhase section */
		5F9641A2127A12D3009E6FC1 /* Frameworks */ = {
			isa = PBXFrameworksBuildPhase;
			buildActionMask = 2147483647;
			files = (
				5F6A5B5F12987DF800BA6CD6 /* Quartz.framework in Frameworks */,
				5F6A5B6012987DF800BA6CD6 /* QuartzCore.framework in Frameworks */,
				5F6A5B5C12987DF000BA6CD6 /* QTKit.framework in Frameworks */,
				5F9641A9127A12D3009E6FC1 /* Cocoa.framework in Frameworks */,
				5F5234AD12987CF80007FCDB /* QuickTime.framework in Frameworks */,
			);
			runOnlyForDeploymentPostprocessing = 0;
		};
/* End PBXFrameworksBuildPhase section */

/* Begin PBXGroup section */
		5F535FF812B40F950079198C /* Constants */ = {
			isa = PBXGroup;
			children = (
				5FF2600712CDF98A00AF889C /* FBAttributeNames.h */,
				5FF2600812CDF98A00AF889C /* FBAttributeNames.m */,
				5FD0B71012BABF0800B08F63 /* FBKeyboardConstants.h */,
				5FD0B71112BABF0800B08F63 /* FBKeyboardConstants.m */,
				5F535FEE12B40F8D0079198C /* FBLocalizationKeys.h */,
				5F535FEF12B40F8D0079198C /* FBLocalizationKeys.m */,
				5FC117B812CFC5020046D313 /* FBMiscConstants.h */,
				5FC117B912CFC5020046D313 /* FBMiscConstants.m */,
			);
			name = Constants;
			sourceTree = "<group>";
		};
		5F57CDEB12A16D3500C94DF7 /* Filtering */ = {
			isa = PBXGroup;
			children = (
				5FA85DDE1291C85600384AF5 /* FBFilterPipeline.h */,
				5FA85DDF1291C85600384AF5 /* FBFilterPipeline.m */,
			);
			name = Filtering;
			sourceTree = "<group>";
		};
		5F57CDEC12A16D4A00C94DF7 /* Application */ = {
			isa = PBXGroup;
			children = (
				5F9641C7127A138A009E6FC1 /* FBApplicationDelegate.h */,
				5F9641C8127A138A009E6FC1 /* FBApplicationDelegate.m */,
				5FBB814412D0996C0020C02D /* FBCrashRecoveryController.h */,
				5FBB814512D0996C0020C02D /* FBCrashRecoveryController.m */,
			);
			name = Application;
			sourceTree = "<group>";
		};
		5F57CE5212A1A09F00C94DF7 /* Categories */ = {
			isa = PBXGroup;
			children = (
				5F57CE5412A1A0B900C94DF7 /* NSDictionary(FBAdditions).h */,
				5F57CE5512A1A0B900C94DF7 /* NSDictionary(FBAdditions).m */,
				5F53608612B4279A0079198C /* NSValue(FBAdditions).h */,
				5F53608712B4279A0079198C /* NSValue(FBAdditions).m */,
			);
			name = Categories;
			sourceTree = "<group>";
		};
		5F7C8ADA12D6708E00CF9497 /* Images */ = {
			isa = PBXGroup;
			children = (
				5FCA066912D8F3DA00241581 /* Button-Play.png */,
				5FCA064B12D8E1EF00241581 /* Button-Cut.png */,
				5FCA063F12D8DEA500241581 /* Button-Capture-Pressed.png */,
				5FCA062F12D8DD8900241581 /* Button-Capture.png */,
				5FCA061E12D8D6F600241581 /* Button-Empty.png */,
				5FF34FF412D7AFA100E0A744 /* Icon-Onion-Off.png */,
				5FF34FF512D7AFA100E0A744 /* Icon-Onion-On.png */,
			);
			path = Images;
			sourceTree = "<group>";
		};
		5F964196127A12D3009E6FC1 = {
			isa = PBXGroup;
			children = (
				5F535FF812B40F950079198C /* Constants */,
				5F96419D127A12D3009E6FC1 /* Classes */,
				5F96419E127A12D3009E6FC1 /* Other Sources */,
				5F96419F127A12D3009E6FC1 /* Resources */,
				5F9641A0127A12D3009E6FC1 /* Frameworks */,
				5F9641A6127A12D3009E6FC1 /* Products */,
			);
			sourceTree = "<group>";
		};
		5F96419D127A12D3009E6FC1 /* Classes */ = {
			isa = PBXGroup;
			children = (
				5F57CDEC12A16D4A00C94DF7 /* Application */,
				5F57CE5212A1A09F00C94DF7 /* Categories */,
				5FCECB2C1297F2A1008D2CCD /* QuickTime Movies */,
				5FA85DD61291C80000384AF5 /* Reel */,
				5F57CDEB12A16D3500C94DF7 /* Filtering */,
				5FABC132128572C30084B0A1 /* Views */,
				5FDAD288129DB0E000B59574 /* Controllers */,
				5FCFA696129EF77800027DF1 /* Document */,
			);
			path = Classes;
			sourceTree = "<group>";
		};
		5F96419E127A12D3009E6FC1 /* Other Sources */ = {
			isa = PBXGroup;
			children = (
				5F9641AB127A12D3009E6FC1 /* FrameByFrame_Prefix.pch */,
				5F9641AF127A12D3009E6FC1 /* main.m */,
			);
			name = "Other Sources";
			sourceTree = "<group>";
		};
		5F96419F127A12D3009E6FC1 /* Resources */ = {
			isa = PBXGroup;
			children = (
				5F7C8ADA12D6708E00CF9497 /* Images */,
				5F6951C112D91F7000A53C8F /* FrameByFrame.icns */,
				5FC18E2612E1D5E00096E8CE /* Document.icns */,
				5F9641AA127A12D3009E6FC1 /* FrameByFrame-Info.plist */,
				5F9641AC127A12D3009E6FC1 /* InfoPlist.strings */,
				5F90267612CE3A140055B78D /* InitialUserDefaults.plist */,
				5F9641B4127A12D4009E6FC1 /* Credits.rtf */,
				5F535FB812B40A1E0079198C /* Localizable.strings */,
				5F9641B1127A12D3009E6FC1 /* MainMenu.xib */,
				5F9641BA127A12D4009E6FC1 /* FBDocument.xib */,
			);
			name = Resources;
			sourceTree = "<group>";
		};
		5F9641A0127A12D3009E6FC1 /* Frameworks */ = {
			isa = PBXGroup;
			children = (
				5F5234AC12987CF80007FCDB /* QuickTime.framework */,
				5F9641A8127A12D3009E6FC1 /* Cocoa.framework */,
				5F6A5B5D12987DF800BA6CD6 /* Quartz.framework */,
				5F6A5B5E12987DF800BA6CD6 /* QuartzCore.framework */,
				5F6A5B5B12987DF000BA6CD6 /* QTKit.framework */,
			);
			name = Frameworks;
			sourceTree = "<group>";
		};
		5F9641A6127A12D3009E6FC1 /* Products */ = {
			isa = PBXGroup;
			children = (
				5F9641A5127A12D3009E6FC1 /* FrameByFrame.app */,
			);
			name = Products;
			sourceTree = "<group>";
		};
		5FA85DD61291C80000384AF5 /* Reel */ = {
			isa = PBXGroup;
			children = (
				5FA58031127C5DB4003C2B32 /* FBCell.h */,
				5FA58032127C5DB4003C2B32 /* FBCell.m */,
				5FA58025127C25BD003C2B32 /* FBReel.h */,
				5FA58026127C25BD003C2B32 /* FBReel.m */,
			);
			name = Reel;
			sourceTree = "<group>";
		};
		5FABC132128572C30084B0A1 /* Views */ = {
			isa = PBXGroup;
			children = (
				5FCF2EBA12947A7100993D6D /* FBReelNavigatorDataSource.h */,
				5FE388F31285EB8000854266 /* FBReelNavigatorDelegate.h */,
				5FABC12F128572BA0084B0A1 /* FBReelNavigator.h */,
				5FABC130128572BA0084B0A1 /* FBReelNavigator.m */,
				5F4C4F1312BE210600AF7D8C /* FBReelNavigator(DragDrop).h */,
				5F4C4F1412BE210600AF7D8C /* FBReelNavigator(DragDrop).m */,
			);
			name = Views;
			sourceTree = "<group>";
		};
		5FCECB2C1297F2A1008D2CCD /* QuickTime Movies */ = {
			isa = PBXGroup;
			children = (
				5FCECB2F1297F2DA008D2CCD /* QTMovieExtensions.h */,
				5FCECB301297F2DA008D2CCD /* QTMovieExtensions.m */,
				5F6D770C12A12C1B007CEA3D /* FBQuickTimeExporter.h */,
				5F6D770D12A12C1B007CEA3D /* FBQuickTimeExporter.m */,
			);
			name = "QuickTime Movies";
			sourceTree = "<group>";
		};
		5FCFA696129EF77800027DF1 /* Document */ = {
			isa = PBXGroup;
			children = (
				5F9641B7127A12D4009E6FC1 /* FBDocument.h */,
				5F9641B8127A12D4009E6FC1 /* FBDocument.m */,
				5F4C516512BE931700AF7D8C /* FBDragDropBuddy.h */,
			);
			name = Document;
			sourceTree = "<group>";
		};
		5FDAD288129DB0E000B59574 /* Controllers */ = {
			isa = PBXGroup;
			children = (
				5FDAD289129DB0FC00B59574 /* FBProgressSheetController.h */,
				5FDAD28A129DB0FC00B59574 /* FBProgressSheetController.m */,
				5F57CE7C12A1A5AC00C94DF7 /* FBMovieSettingsControllerDelegate.h */,
				5F57CDD812A16A5500C94DF7 /* FBMovieSettingsController.h */,
				5F57CDD912A16A5500C94DF7 /* FBMovieSettingsController.m */,
			);
			name = Controllers;
			sourceTree = "<group>";
		};
/* End PBXGroup section */

/* Begin PBXNativeTarget section */
		5F9641A4127A12D3009E6FC1 /* FrameByFrame */ = {
			isa = PBXNativeTarget;
			buildConfigurationList = 5F9641BF127A12D4009E6FC1 /* Build configuration list for PBXNativeTarget "FrameByFrame" */;
			buildPhases = (
				5F9641A1127A12D3009E6FC1 /* Sources */,
				5F9641A2127A12D3009E6FC1 /* Frameworks */,
				5F9641A3127A12D3009E6FC1 /* Resources */,
			);
			buildRules = (
			);
			dependencies = (
			);
			name = FrameByFrame;
			productName = FrameByFrame;
			productReference = 5F9641A5127A12D3009E6FC1 /* FrameByFrame.app */;
			productType = "com.apple.product-type.application";
		};
/* End PBXNativeTarget section */

/* Begin PBXProject section */
		5F964198127A12D3009E6FC1 /* Project object */ = {
			isa = PBXProject;
			buildConfigurationList = 5F96419B127A12D3009E6FC1 /* Build configuration list for PBXProject "FrameByFrame" */;
			compatibilityVersion = "Xcode 3.2";
			developmentRegion = English;
			hasScannedForEncodings = 0;
			knownRegions = (
				en,
				English,
				de,
			);
			mainGroup = 5F964196127A12D3009E6FC1;
			productRefGroup = 5F9641A6127A12D3009E6FC1 /* Products */;
			projectDirPath = "";
			projectRoot = "";
			targets = (
				5F9641A4127A12D3009E6FC1 /* FrameByFrame */,
			);
		};
/* End PBXProject section */

/* Begin PBXResourcesBuildPhase section */
		5F9641A3127A12D3009E6FC1 /* Resources */ = {
			isa = PBXResourcesBuildPhase;
			buildActionMask = 2147483647;
			files = (
				5F9641AE127A12D3009E6FC1 /* InfoPlist.strings in Resources */,
				5F9641B3127A12D3009E6FC1 /* MainMenu.xib in Resources */,
				5F9641B6127A12D4009E6FC1 /* Credits.rtf in Resources */,
				5F9641BC127A12D4009E6FC1 /* FBDocument.xib in Resources */,
				5F535FBA12B40A1E0079198C /* Localizable.strings in Resources */,
				5F90267712CE3A140055B78D /* InitialUserDefaults.plist in Resources */,
				5FF34FF612D7AFA100E0A744 /* Icon-Onion-Off.png in Resources */,
				5FF34FF712D7AFA100E0A744 /* Icon-Onion-On.png in Resources */,
				5FCA061F12D8D6F600241581 /* Button-Empty.png in Resources */,
				5FCA063012D8DD8900241581 /* Button-Capture.png in Resources */,
				5FCA064012D8DEA500241581 /* Button-Capture-Pressed.png in Resources */,
				5FCA064C12D8E1EF00241581 /* Button-Cut.png in Resources */,
				5FCA066A12D8F3DA00241581 /* Button-Play.png in Resources */,
				5F6951C212D91F7000A53C8F /* FrameByFrame.icns in Resources */,
				5FC18E2712E1D5E00096E8CE /* Document.icns in Resources */,
			);
			runOnlyForDeploymentPostprocessing = 0;
		};
/* End PBXResourcesBuildPhase section */

/* Begin PBXSourcesBuildPhase section */
		5F9641A1127A12D3009E6FC1 /* Sources */ = {
			isa = PBXSourcesBuildPhase;
			buildActionMask = 2147483647;
			files = (
				5F9641B0127A12D3009E6FC1 /* main.m in Sources */,
				5F9641B9127A12D4009E6FC1 /* FBDocument.m in Sources */,
				5F9641C9127A138A009E6FC1 /* FBApplicationDelegate.m in Sources */,
				5FA58027127C25BD003C2B32 /* FBReel.m in Sources */,
				5FA58033127C5DB4003C2B32 /* FBCell.m in Sources */,
				5FABC131128572BA0084B0A1 /* FBReelNavigator.m in Sources */,
				5FA85DE01291C85600384AF5 /* FBFilterPipeline.m in Sources */,
				5FCECB321297F2DA008D2CCD /* QTMovieExtensions.m in Sources */,
				5FDAD28B129DB0FC00B59574 /* FBProgressSheetController.m in Sources */,
				5F6D770E12A12C1B007CEA3D /* FBQuickTimeExporter.m in Sources */,
				5F57CDDA12A16A5500C94DF7 /* FBMovieSettingsController.m in Sources */,
				5F57CE5612A1A0B900C94DF7 /* NSDictionary(FBAdditions).m in Sources */,
				5F535FF012B40F8D0079198C /* FBLocalizationKeys.m in Sources */,
				5F53608812B4279A0079198C /* NSValue(FBAdditions).m in Sources */,
				5FD0B71212BABF0800B08F63 /* FBKeyboardConstants.m in Sources */,
				5F4C4F1512BE210600AF7D8C /* FBReelNavigator(DragDrop).m in Sources */,
				5FF2600912CDF98A00AF889C /* FBAttributeNames.m in Sources */,
				5FC117BA12CFC5020046D313 /* FBMiscConstants.m in Sources */,
				5FBB814612D0996C0020C02D /* FBCrashRecoveryController.m in Sources */,
			);
			runOnlyForDeploymentPostprocessing = 0;
		};
/* End PBXSourcesBuildPhase section */

/* Begin PBXVariantGroup section */
		5F535FB812B40A1E0079198C /* Localizable.strings */ = {
			isa = PBXVariantGroup;
			children = (
				5F535FCD12B40C9D0079198C /* en */,
			);
			name = Localizable.strings;
			sourceTree = "<group>";
		};
		5F9641AC127A12D3009E6FC1 /* InfoPlist.strings */ = {
			isa = PBXVariantGroup;
			children = (
				5F9641AD127A12D3009E6FC1 /* en */,
			);
			name = InfoPlist.strings;
			sourceTree = "<group>";
		};
		5F9641B1127A12D3009E6FC1 /* MainMenu.xib */ = {
			isa = PBXVariantGroup;
			children = (
				5F9641B2127A12D3009E6FC1 /* en */,
			);
			name = MainMenu.xib;
			sourceTree = "<group>";
		};
		5F9641B4127A12D4009E6FC1 /* Credits.rtf */ = {
			isa = PBXVariantGroup;
			children = (
				5F9641B5127A12D4009E6FC1 /* en */,
			);
			name = Credits.rtf;
			sourceTree = "<group>";
		};
		5F9641BA127A12D4009E6FC1 /* FBDocument.xib */ = {
			isa = PBXVariantGroup;
			children = (
				5F9641BB127A12D4009E6FC1 /* en */,
			);
			name = FBDocument.xib;
			sourceTree = "<group>";
		};
/* End PBXVariantGroup section */

/* Begin XCBuildConfiguration section */
		5F9641BD127A12D4009E6FC1 /* Debug */ = {
			isa = XCBuildConfiguration;
			buildSettings = {
				ARCHS = "$(ARCHS_STANDARD_32_BIT)";
				CODE_SIGN_IDENTITY = "3rd Party Mac Developer Application: Philipp Brendel";
				GCC_C_LANGUAGE_STANDARD = gnu99;
				GCC_OPTIMIZATION_LEVEL = 0;
				GCC_PREPROCESSOR_DEFINITIONS = DEBUG;
				GCC_VERSION = "";
				GCC_WARN_ABOUT_RETURN_TYPE = YES;
				GCC_WARN_UNUSED_VARIABLE = YES;
				MACOSX_DEPLOYMENT_TARGET = 10.5;
				ONLY_ACTIVE_ARCH = YES;
				PREBINDING = NO;
				SDKROOT = macosx;
			};
			name = Debug;
		};
		5F9641BE127A12D4009E6FC1 /* Release */ = {
			isa = XCBuildConfiguration;
			buildSettings = {
				ARCHS = "$(ARCHS_STANDARD_32_BIT)";
				CODE_SIGN_IDENTITY = "3rd Party Mac Developer Application: Philipp Brendel";
				GCC_C_LANGUAGE_STANDARD = gnu99;
				GCC_VERSION = "";
				GCC_WARN_ABOUT_RETURN_TYPE = YES;
				GCC_WARN_UNUSED_VARIABLE = YES;
				MACOSX_DEPLOYMENT_TARGET = 10.5;
				PREBINDING = NO;
				SDKROOT = macosx;
			};
			name = Release;
		};
		5F9641C0127A12D4009E6FC1 /* Debug */ = {
			isa = XCBuildConfiguration;
			buildSettings = {
				ALWAYS_SEARCH_USER_PATHS = NO;
				COPY_PHASE_STRIP = NO;
				GCC_DYNAMIC_NO_PIC = NO;
				GCC_ENABLE_OBJC_EXCEPTIONS = YES;
				GCC_MODEL_TUNING = G5;
				GCC_PRECOMPILE_PREFIX_HEADER = YES;
				GCC_PREFIX_HEADER = FrameByFrame_Prefix.pch;
				INFOPLIST_FILE = "FrameByFrame-Info.plist";
				INSTALL_PATH = "$(HOME)/Applications";
				PRODUCT_NAME = "$(TARGET_NAME)";
				WRAPPER_EXTENSION = app;
			};
			name = Debug;
		};
		5F9641C1127A12D4009E6FC1 /* Release */ = {
			isa = XCBuildConfiguration;
			buildSettings = {
				ALWAYS_SEARCH_USER_PATHS = NO;
				COPY_PHASE_STRIP = YES;
				DEBUG_INFORMATION_FORMAT = "dwarf-with-dsym";
				GCC_ENABLE_OBJC_EXCEPTIONS = YES;
				GCC_MODEL_TUNING = G5;
				GCC_PRECOMPILE_PREFIX_HEADER = YES;
				GCC_PREFIX_HEADER = FrameByFrame_Prefix.pch;
				INFOPLIST_FILE = "FrameByFrame-Info.plist";
				INSTALL_PATH = "$(HOME)/Applications";
				PRODUCT_NAME = "$(TARGET_NAME)";
				WRAPPER_EXTENSION = app;
			};
			name = Release;
		};
/* End XCBuildConfiguration section */

/* Begin XCConfigurationList section */
		5F96419B127A12D3009E6FC1 /* Build configuration list for PBXProject "FrameByFrame" */ = {
			isa = XCConfigurationList;
			buildConfigurations = (
				5F9641BD127A12D4009E6FC1 /* Debug */,
				5F9641BE127A12D4009E6FC1 /* Release */,
			);
			defaultConfigurationIsVisible = 0;
			defaultConfigurationName = Release;
		};
		5F9641BF127A12D4009E6FC1 /* Build configuration list for PBXNativeTarget "FrameByFrame" */ = {
			isa = XCConfigurationList;
			buildConfigurations = (
				5F9641C0127A12D4009E6FC1 /* Debug */,
				5F9641C1127A12D4009E6FC1 /* Release */,
			);
			defaultConfigurationIsVisible = 0;
			defaultConfigurationName = Release;
		};
/* End XCConfigurationList section */
	};
	rootObject = 5F964198127A12D3009E6FC1 /* Project object */;
}
